
Microsoft Visual Studio Solution File, Format Version 12.00
# Visual Studio Version 16
VisualStudioVersion = 16.0.28803.202
MinimumVisualStudioVersion = 10.0.40219.1
Project("{FAE04EC0-301F-11D3-BF4B-00C04F79EFBC}") = "WebApplication2", "WebApplication2\WebApplication2.csproj", "{F4CA3472-F4A8-4FBB-8423-23DF117D8A5C}"
EndProject
Global
	GlobalSection(SolutionConfigurationPlatforms) = preSolution
		Debug|Any CPU = Debug|Any CPU
		Release|Any CPU = Release|Any CPU
	EndGlobalSection
	GlobalSection(ProjectConfigurationPlatforms) = postSolution
		{F4CA3472-F4A8-4FBB-8423-23DF117D8A5C}.Debug|Any CPU.ActiveCfg = Debug|Any CPU
		{F4CA3472-F4A8-4FBB-8423-23DF117D8A5C}.Debug|Any CPU.Build.0 = Debug|Any CPU
		{F4CA3472-F4A8-4FBB-8423-23DF117D8A5C}.Release|Any CPU.ActiveCfg = Release|Any CPU
		{F4CA3472-F4A8-4FBB-8423-23DF117D8A5C}.Release|Any CPU.Build.0 = Release|Any CPU
	EndGlobalSection
	GlobalSection(SolutionProperties) = preSolution
		HideSolutionNode = FALSE
	EndGlobalSection
	GlobalSection(ExtensibilityGlobals) = postSolution
		SolutionGuid = {CBBF940E-E887-4028-BA25-3A3D910A98EC}
	EndGlobalSection
EndGlobal
